
Microsoft Visual Studio Solution File, Format Version 12.00
# Visual Studio Version 16
VisualStudioVersion = 16.0.31019.35
MinimumVisualStudioVersion = 10.0.40219.1
Project("{9A19103F-16F7-4668-BE54-9A1E7A4F7556}") = "Codedy.StarSecurity.WebApp", "Codedy.StarSecurity.WebApp\Codedy.StarSecurity.WebApp.csproj", "{E5FBAEB1-0715-4ED3-B94C-74EE834E102A}"
EndProject
Project("{2150E333-8FDC-42A3-9474-1A3956D46DE8}") = "Solution Items", "Solution Items", "{04F126BB-013C-4A48-B192-7255B3AFD135}"
	ProjectSection(SolutionItems) = preProject
		Test.txt = Test.txt
	EndProjectSection
EndProject
Global
	GlobalSection(SolutionConfigurationPlatforms) = preSolution
		Debug|Any CPU = Debug|Any CPU
		Release|Any CPU = Release|Any CPU
	EndGlobalSection
	GlobalSection(ProjectConfigurationPlatforms) = postSolution
		{E5FBAEB1-0715-4ED3-B94C-74EE834E102A}.Debug|Any CPU.ActiveCfg = Debug|Any CPU
		{E5FBAEB1-0715-4ED3-B94C-74EE834E102A}.Debug|Any CPU.Build.0 = Debug|Any CPU
		{E5FBAEB1-0715-4ED3-B94C-74EE834E102A}.Release|Any CPU.ActiveCfg = Release|Any CPU
		{E5FBAEB1-0715-4ED3-B94C-74EE834E102A}.Release|Any CPU.Build.0 = Release|Any CPU
	EndGlobalSection
	GlobalSection(SolutionProperties) = preSolution
		HideSolutionNode = FALSE
	EndGlobalSection
	GlobalSection(ExtensibilityGlobals) = postSolution
		SolutionGuid = {68EC43A7-0341-4F1E-8BFF-40CA5D4B27E7}
	EndGlobalSection
EndGlobal
